
Microsoft Visual Studio Solution File, Format Version 12.00
# Visual Studio Version 16
VisualStudioVersion = 16.0.30128.74
MinimumVisualStudioVersion = 10.0.40219.1
Project("{FAE04EC0-301F-11D3-BF4B-00C04F79EFBC}") = "ConsoleApp3", "ConsoleApp3\ConsoleApp3.csproj", "{BF11A63E-BF6C-4383-95DA-78243F14543F}"
EndProject
Global
	GlobalSection(SolutionConfigurationPlatforms) = preSolution
		Debug|Any CPU = Debug|Any CPU
		Release|Any CPU = Release|Any CPU
	EndGlobalSection
	GlobalSection(ProjectConfigurationPlatforms) = postSolution
		{BF11A63E-BF6C-4383-95DA-78243F14543F}.Debug|Any CPU.ActiveCfg = Debug|Any CPU
		{BF11A63E-BF6C-4383-95DA-78243F14543F}.Debug|Any CPU.Build.0 = Debug|Any CPU
		{BF11A63E-BF6C-4383-95DA-78243F14543F}.Release|Any CPU.ActiveCfg = Release|Any CPU
		{BF11A63E-BF6C-4383-95DA-78243F14543F}.Release|Any CPU.Build.0 = Release|Any CPU
	EndGlobalSection
	GlobalSection(SolutionProperties) = preSolution
		HideSolutionNode = FALSE
	EndGlobalSection
	GlobalSection(ExtensibilityGlobals) = postSolution
		SolutionGuid = {03B242A6-0BD0-4178-AC6F-80525C64EB92}
	EndGlobalSection
EndGlobal
